
Microsoft Visual Studio Solution File, Format Version 12.00
# Visual Studio 15
VisualStudioVersion = 15.0.27428.2037
MinimumVisualStudioVersion = 10.0.40219.1
Project("{FAE04EC0-301F-11D3-BF4B-00C04F79EFBC}") = "AllNovaPochta", "AllNovaPochta\AllNovaPochta.csproj", "{D65D4021-DBD3-45D1-BD56-79F0AE0DD8F5}"
EndProject
Global
	GlobalSection(SolutionConfigurationPlatforms) = preSolution
		Debug|Any CPU = Debug|Any CPU
		Release|Any CPU = Release|Any CPU
	EndGlobalSection
	GlobalSection(ProjectConfigurationPlatforms) = postSolution
		{D65D4021-DBD3-45D1-BD56-79F0AE0DD8F5}.Debug|Any CPU.ActiveCfg = Debug|Any CPU
		{D65D4021-DBD3-45D1-BD56-79F0AE0DD8F5}.Debug|Any CPU.Build.0 = Debug|Any CPU
		{D65D4021-DBD3-45D1-BD56-79F0AE0DD8F5}.Release|Any CPU.ActiveCfg = Release|Any CPU
		{D65D4021-DBD3-45D1-BD56-79F0AE0DD8F5}.Release|Any CPU.Build.0 = Release|Any CPU
	EndGlobalSection
	GlobalSection(SolutionProperties) = preSolution
		HideSolutionNode = FALSE
	EndGlobalSection
	GlobalSection(ExtensibilityGlobals) = postSolution
		SolutionGuid = {B5EDC7A5-2D32-4569-B323-FC49AF96B9C7}
	EndGlobalSection
EndGlobal
